
Microsoft Visual Studio Solution File, Format Version 12.00
# Visual Studio 2013
VisualStudioVersion = 12.0.31101.0
MinimumVisualStudioVersion = 10.0.40219.1
Project("{FAE04EC0-301F-11D3-BF4B-00C04F79EFBC}") = "Kalambury.Database", "Kalambury.Database\Kalambury.Database.csproj", "{0AD3F233-696A-45D7-BAFC-354CFE4F5A74}"
EndProject
Project("{FAE04EC0-301F-11D3-BF4B-00C04F79EFBC}") = "Kalambury.Database.Test", "Kalambury.Database.Test\Kalambury.Database.Test.csproj", "{04830432-256F-4822-AA9B-BB48E760C29E}"
EndProject
Project("{FAE04EC0-301F-11D3-BF4B-00C04F79EFBC}") = "Kalambury.WcfServer", "Kalambury.WcfServer\Kalambury.WcfServer.csproj", "{23B927B5-7EB1-4F65-98F4-6F40128AB4EC}"
EndProject
Project("{FAE04EC0-301F-11D3-BF4B-00C04F79EFBC}") = "Kalambury.WcfServer.Test", "Kalambury.WcfServer.Test\Kalambury.WcfServer.Test.csproj", "{49A3EF6B-EB8B-4FCD-B893-B6578D58A560}"
EndProject
Project("{FAE04EC0-301F-11D3-BF4B-00C04F79EFBC}") = "DatabaseServerHost", "DatabaseServerHost\DatabaseServerHost.csproj", "{21D19D69-1B34-4771-930A-233038FBD88B}"
EndProject
Global
	GlobalSection(SolutionConfigurationPlatforms) = preSolution
		Debug|Any CPU = Debug|Any CPU
		Release|Any CPU = Release|Any CPU
	EndGlobalSection
	GlobalSection(ProjectConfigurationPlatforms) = postSolution
		{0AD3F233-696A-45D7-BAFC-354CFE4F5A74}.Debug|Any CPU.ActiveCfg = Debug|Any CPU
		{0AD3F233-696A-45D7-BAFC-354CFE4F5A74}.Debug|Any CPU.Build.0 = Debug|Any CPU
		{0AD3F233-696A-45D7-BAFC-354CFE4F5A74}.Release|Any CPU.ActiveCfg = Release|Any CPU
		{0AD3F233-696A-45D7-BAFC-354CFE4F5A74}.Release|Any CPU.Build.0 = Release|Any CPU
		{04830432-256F-4822-AA9B-BB48E760C29E}.Debug|Any CPU.ActiveCfg = Debug|Any CPU
		{04830432-256F-4822-AA9B-BB48E760C29E}.Debug|Any CPU.Build.0 = Debug|Any CPU
		{04830432-256F-4822-AA9B-BB48E760C29E}.Release|Any CPU.ActiveCfg = Release|Any CPU
		{04830432-256F-4822-AA9B-BB48E760C29E}.Release|Any CPU.Build.0 = Release|Any CPU
		{23B927B5-7EB1-4F65-98F4-6F40128AB4EC}.Debug|Any CPU.ActiveCfg = Debug|Any CPU
		{23B927B5-7EB1-4F65-98F4-6F40128AB4EC}.Debug|Any CPU.Build.0 = Debug|Any CPU
		{23B927B5-7EB1-4F65-98F4-6F40128AB4EC}.Release|Any CPU.ActiveCfg = Release|Any CPU
		{23B927B5-7EB1-4F65-98F4-6F40128AB4EC}.Release|Any CPU.Build.0 = Release|Any CPU
		{49A3EF6B-EB8B-4FCD-B893-B6578D58A560}.Debug|Any CPU.ActiveCfg = Debug|Any CPU
		{49A3EF6B-EB8B-4FCD-B893-B6578D58A560}.Debug|Any CPU.Build.0 = Debug|Any CPU
		{49A3EF6B-EB8B-4FCD-B893-B6578D58A560}.Release|Any CPU.ActiveCfg = Release|Any CPU
		{49A3EF6B-EB8B-4FCD-B893-B6578D58A560}.Release|Any CPU.Build.0 = Release|Any CPU
		{21D19D69-1B34-4771-930A-233038FBD88B}.Debug|Any CPU.ActiveCfg = Debug|Any CPU
		{21D19D69-1B34-4771-930A-233038FBD88B}.Debug|Any CPU.Build.0 = Debug|Any CPU
		{21D19D69-1B34-4771-930A-233038FBD88B}.Release|Any CPU.ActiveCfg = Release|Any CPU
		{21D19D69-1B34-4771-930A-233038FBD88B}.Release|Any CPU.Build.0 = Release|Any CPU
	EndGlobalSection
	GlobalSection(SolutionProperties) = preSolution
		HideSolutionNode = FALSE
	EndGlobalSection
EndGlobal
